
Microsoft Visual Studio Solution File, Format Version 11.00
# Visual Studio 2010
Project("{8BC9CEB8-8B4A-11D0-8D11-00A0C91BC942}") = "osgX_Threads", "osgX_Threads.vcxproj", "{10155EAA-FCDA-401A-9CAE-D2DCB3B6359B}"
EndProject
Project("{8BC9CEB8-8B4A-11D0-8D11-00A0C91BC942}") = "Test_SingleThreadBeltline", "Tests\Test_SingleThreadBeltline\Test_SingleThreadBeltline.vcxproj", "{85A338BA-0F34-48D2-A234-4472CAD759E7}"
	ProjectSection(ProjectDependencies) = postProject
		{10155EAA-FCDA-401A-9CAE-D2DCB3B6359B} = {10155EAA-FCDA-401A-9CAE-D2DCB3B6359B}
	EndProjectSection
EndProject
Global
	GlobalSection(SolutionConfigurationPlatforms) = preSolution
		Debug|Win32 = Debug|Win32
		Release|Win32 = Release|Win32
	EndGlobalSection
	GlobalSection(ProjectConfigurationPlatforms) = postSolution
		{10155EAA-FCDA-401A-9CAE-D2DCB3B6359B}.Debug|Win32.ActiveCfg = Debug|Win32
		{10155EAA-FCDA-401A-9CAE-D2DCB3B6359B}.Debug|Win32.Build.0 = Debug|Win32
		{10155EAA-FCDA-401A-9CAE-D2DCB3B6359B}.Release|Win32.ActiveCfg = Release|Win32
		{10155EAA-FCDA-401A-9CAE-D2DCB3B6359B}.Release|Win32.Build.0 = Release|Win32
		{85A338BA-0F34-48D2-A234-4472CAD759E7}.Debug|Win32.ActiveCfg = Debug|Win32
		{85A338BA-0F34-48D2-A234-4472CAD759E7}.Debug|Win32.Build.0 = Debug|Win32
		{85A338BA-0F34-48D2-A234-4472CAD759E7}.Release|Win32.ActiveCfg = Release|Win32
		{85A338BA-0F34-48D2-A234-4472CAD759E7}.Release|Win32.Build.0 = Release|Win32
	EndGlobalSection
	GlobalSection(SolutionProperties) = preSolution
		HideSolutionNode = FALSE
	EndGlobalSection
EndGlobal
